
Microsoft Visual Studio Solution File, Format Version 12.00
# Visual Studio Version 16
VisualStudioVersion = 16.0.29920.165
MinimumVisualStudioVersion = 10.0.40219.1
Project("{9A19103F-16F7-4668-BE54-9A1E7A4F7556}") = "GardenRover", "GardenRover\GardenRover.csproj", "{B18F00FF-C19E-42B2-AE19-B868BF7245CE}"
EndProject
Project("{9A19103F-16F7-4668-BE54-9A1E7A4F7556}") = "GardenRover.Tests", "GardenRover.Tests\GardenRover.Tests.csproj", "{643170D9-829C-4D6B-84C4-F2CB7263352C}"
EndProject
Project("{2150E333-8FDC-42A3-9474-1A3956D46DE8}") = "Solution Items", "Solution Items", "{D31FE5E3-4CEE-40CD-8ABD-96A65B4E746F}"
	ProjectSection(SolutionItems) = preProject
		README.md = README.md
	EndProjectSection
EndProject
Project("{FAE04EC0-301F-11D3-BF4B-00C04F79EFBC}") = "GardenMower", "GardenMower\GardenMower.csproj", "{12D0604E-8C89-4558-897C-B24B12998638}"
EndProject
Project("{FAE04EC0-301F-11D3-BF4B-00C04F79EFBC}") = "RoverGardenClass", "RoverGardenClass\RoverGardenClass.csproj", "{581F1339-CEA3-4DDD-A6B6-9399A04BA803}"
EndProject
Global
	GlobalSection(SolutionConfigurationPlatforms) = preSolution
		Debug|Any CPU = Debug|Any CPU
		Release|Any CPU = Release|Any CPU
	EndGlobalSection
	GlobalSection(ProjectConfigurationPlatforms) = postSolution
		{B18F00FF-C19E-42B2-AE19-B868BF7245CE}.Debug|Any CPU.ActiveCfg = Debug|Any CPU
		{B18F00FF-C19E-42B2-AE19-B868BF7245CE}.Debug|Any CPU.Build.0 = Debug|Any CPU
		{B18F00FF-C19E-42B2-AE19-B868BF7245CE}.Release|Any CPU.ActiveCfg = Release|Any CPU
		{B18F00FF-C19E-42B2-AE19-B868BF7245CE}.Release|Any CPU.Build.0 = Release|Any CPU
		{643170D9-829C-4D6B-84C4-F2CB7263352C}.Debug|Any CPU.ActiveCfg = Debug|Any CPU
		{643170D9-829C-4D6B-84C4-F2CB7263352C}.Debug|Any CPU.Build.0 = Debug|Any CPU
		{643170D9-829C-4D6B-84C4-F2CB7263352C}.Release|Any CPU.ActiveCfg = Release|Any CPU
		{643170D9-829C-4D6B-84C4-F2CB7263352C}.Release|Any CPU.Build.0 = Release|Any CPU
		{12D0604E-8C89-4558-897C-B24B12998638}.Debug|Any CPU.ActiveCfg = Debug|Any CPU
		{12D0604E-8C89-4558-897C-B24B12998638}.Debug|Any CPU.Build.0 = Debug|Any CPU
		{12D0604E-8C89-4558-897C-B24B12998638}.Release|Any CPU.ActiveCfg = Release|Any CPU
		{12D0604E-8C89-4558-897C-B24B12998638}.Release|Any CPU.Build.0 = Release|Any CPU
		{581F1339-CEA3-4DDD-A6B6-9399A04BA803}.Debug|Any CPU.ActiveCfg = Debug|Any CPU
		{581F1339-CEA3-4DDD-A6B6-9399A04BA803}.Debug|Any CPU.Build.0 = Debug|Any CPU
		{581F1339-CEA3-4DDD-A6B6-9399A04BA803}.Release|Any CPU.ActiveCfg = Release|Any CPU
		{581F1339-CEA3-4DDD-A6B6-9399A04BA803}.Release|Any CPU.Build.0 = Release|Any CPU
	EndGlobalSection
	GlobalSection(SolutionProperties) = preSolution
		HideSolutionNode = FALSE
	EndGlobalSection
	GlobalSection(ExtensibilityGlobals) = postSolution
		SolutionGuid = {0D688438-6CC6-4F1D-A02A-D914965533CA}
	EndGlobalSection
EndGlobal
